
Microsoft Visual Studio Solution File, Format Version 12.00
# Visual Studio Version 17
VisualStudioVersion = 17.5.002.0
MinimumVisualStudioVersion = 10.0.40219.1
Project("{9A19103F-16F7-4668-BE54-9A1E7A4F7556}") = "C#", "C#.csproj", "{95C18E22-9C0E-44CF-9206-A45929EB5CF0}"
EndProject
Global
	GlobalSection(SolutionConfigurationPlatforms) = preSolution
		Debug|Any CPU = Debug|Any CPU
		Release|Any CPU = Release|Any CPU
	EndGlobalSection
	GlobalSection(ProjectConfigurationPlatforms) = postSolution
		{95C18E22-9C0E-44CF-9206-A45929EB5CF0}.Debug|Any CPU.ActiveCfg = Debug|Any CPU
		{95C18E22-9C0E-44CF-9206-A45929EB5CF0}.Debug|Any CPU.Build.0 = Debug|Any CPU
		{95C18E22-9C0E-44CF-9206-A45929EB5CF0}.Release|Any CPU.ActiveCfg = Release|Any CPU
		{95C18E22-9C0E-44CF-9206-A45929EB5CF0}.Release|Any CPU.Build.0 = Release|Any CPU
	EndGlobalSection
	GlobalSection(SolutionProperties) = preSolution
		HideSolutionNode = FALSE
	EndGlobalSection
	GlobalSection(ExtensibilityGlobals) = postSolution
		SolutionGuid = {AF3F5E8A-F342-4B38-97C4-CEDE16FB3404}
	EndGlobalSection
EndGlobal
